
Microsoft Visual Studio Solution File, Format Version 12.00
# Visual Studio Version 17
VisualStudioVersion = 17.5.33424.131
MinimumVisualStudioVersion = 10.0.40219.1
Project("{8BC9CEB8-8B4A-11D0-8D11-00A0C91BC942}") = "StreamReaderWriter", "StreamReaderWriter\StreamReaderWriter.vcxproj", "{E8AC5FE5-5C01-4E4F-8A22-C1E2DC4B5F23}"
EndProject
Project("{8BC9CEB8-8B4A-11D0-8D11-00A0C91BC942}") = "ioFileWriterPath", "ioFileWriterPath\ioFileWriterPath.vcxproj", "{A1BAF345-A48A-472E-A0C5-96B97AD581D6}"
EndProject
Project("{8BC9CEB8-8B4A-11D0-8D11-00A0C91BC942}") = "manualExeption", "manualExeption\manualExeption.vcxproj", "{96F28FC3-D95C-4F80-9211-A52138648382}"
EndProject
Project("{8BC9CEB8-8B4A-11D0-8D11-00A0C91BC942}") = "exceptionStandart", "exceptionStandart\exceptionStandart.vcxproj", "{5A0F396E-96CE-43EF-AEEE-9975CECFCD3A}"
EndProject
Global
	GlobalSection(SolutionConfigurationPlatforms) = preSolution
		Debug|x64 = Debug|x64
		Debug|x86 = Debug|x86
		Release|x64 = Release|x64
		Release|x86 = Release|x86
	EndGlobalSection
	GlobalSection(ProjectConfigurationPlatforms) = postSolution
		{E8AC5FE5-5C01-4E4F-8A22-C1E2DC4B5F23}.Debug|x64.ActiveCfg = Debug|x64
		{E8AC5FE5-5C01-4E4F-8A22-C1E2DC4B5F23}.Debug|x64.Build.0 = Debug|x64
		{E8AC5FE5-5C01-4E4F-8A22-C1E2DC4B5F23}.Debug|x86.ActiveCfg = Debug|Win32
		{E8AC5FE5-5C01-4E4F-8A22-C1E2DC4B5F23}.Debug|x86.Build.0 = Debug|Win32
		{E8AC5FE5-5C01-4E4F-8A22-C1E2DC4B5F23}.Release|x64.ActiveCfg = Release|x64
		{E8AC5FE5-5C01-4E4F-8A22-C1E2DC4B5F23}.Release|x64.Build.0 = Release|x64
		{E8AC5FE5-5C01-4E4F-8A22-C1E2DC4B5F23}.Release|x86.ActiveCfg = Release|Win32
		{E8AC5FE5-5C01-4E4F-8A22-C1E2DC4B5F23}.Release|x86.Build.0 = Release|Win32
		{A1BAF345-A48A-472E-A0C5-96B97AD581D6}.Debug|x64.ActiveCfg = Debug|x64
		{A1BAF345-A48A-472E-A0C5-96B97AD581D6}.Debug|x64.Build.0 = Debug|x64
		{A1BAF345-A48A-472E-A0C5-96B97AD581D6}.Debug|x86.ActiveCfg = Debug|Win32
		{A1BAF345-A48A-472E-A0C5-96B97AD581D6}.Debug|x86.Build.0 = Debug|Win32
		{A1BAF345-A48A-472E-A0C5-96B97AD581D6}.Release|x64.ActiveCfg = Release|x64
		{A1BAF345-A48A-472E-A0C5-96B97AD581D6}.Release|x64.Build.0 = Release|x64
		{A1BAF345-A48A-472E-A0C5-96B97AD581D6}.Release|x86.ActiveCfg = Release|Win32
		{A1BAF345-A48A-472E-A0C5-96B97AD581D6}.Release|x86.Build.0 = Release|Win32
		{96F28FC3-D95C-4F80-9211-A52138648382}.Debug|x64.ActiveCfg = Debug|x64
		{96F28FC3-D95C-4F80-9211-A52138648382}.Debug|x64.Build.0 = Debug|x64
		{96F28FC3-D95C-4F80-9211-A52138648382}.Debug|x86.ActiveCfg = Debug|Win32
		{96F28FC3-D95C-4F80-9211-A52138648382}.Debug|x86.Build.0 = Debug|Win32
		{96F28FC3-D95C-4F80-9211-A52138648382}.Release|x64.ActiveCfg = Release|x64
		{96F28FC3-D95C-4F80-9211-A52138648382}.Release|x64.Build.0 = Release|x64
		{96F28FC3-D95C-4F80-9211-A52138648382}.Release|x86.ActiveCfg = Release|Win32
		{96F28FC3-D95C-4F80-9211-A52138648382}.Release|x86.Build.0 = Release|Win32
		{5A0F396E-96CE-43EF-AEEE-9975CECFCD3A}.Debug|x64.ActiveCfg = Debug|x64
		{5A0F396E-96CE-43EF-AEEE-9975CECFCD3A}.Debug|x64.Build.0 = Debug|x64
		{5A0F396E-96CE-43EF-AEEE-9975CECFCD3A}.Debug|x86.ActiveCfg = Debug|Win32
		{5A0F396E-96CE-43EF-AEEE-9975CECFCD3A}.Debug|x86.Build.0 = Debug|Win32
		{5A0F396E-96CE-43EF-AEEE-9975CECFCD3A}.Release|x64.ActiveCfg = Release|x64
		{5A0F396E-96CE-43EF-AEEE-9975CECFCD3A}.Release|x64.Build.0 = Release|x64
		{5A0F396E-96CE-43EF-AEEE-9975CECFCD3A}.Release|x86.ActiveCfg = Release|Win32
		{5A0F396E-96CE-43EF-AEEE-9975CECFCD3A}.Release|x86.Build.0 = Release|Win32
	EndGlobalSection
	GlobalSection(SolutionProperties) = preSolution
		HideSolutionNode = FALSE
	EndGlobalSection
	GlobalSection(ExtensibilityGlobals) = postSolution
		SolutionGuid = {6B7F1DF9-34D3-412F-B785-307994273ADC}
	EndGlobalSection
EndGlobal
